// !$*UTF8*$!
{
	archiveVersion = 1;
	classes = {
	};
	objectVersion = 46;
	objects = {

/* Begin PBXBuildFile section */
		471AFDA31E81F33600030353 /* Page.swift in Sources */ = {isa = PBXBuildFile; fileRef = 471AFDA21E81F33600030353 /* Page.swift */; };
		478F00CB1DC0797400C58290 /* AppDelegate.swift in Sources */ = {isa = PBXBuildFile; fileRef = 478F00CA1DC0797400C58290 /* AppDelegate.swift */; };
		478F00D01DC0797400C58290 /* Main.storyboard in Resources */ = {isa = PBXBuildFile; fileRef = 478F00CE1DC0797400C58290 /* Main.storyboard */; };
		478F00D21DC0797400C58290 /* Assets.xcassets in Resources */ = {isa = PBXBuildFile; fileRef = 478F00D11DC0797400C58290 /* Assets.xcassets */; };
		478F00D51DC0797400C58290 /* LaunchScreen.storyboard in Resources */ = {isa = PBXBuildFile; fileRef = 478F00D31DC0797400C58290 /* LaunchScreen.storyboard */; };
		478F00E11DC07A0400C58290 /* CurrentWeather.swift in Sources */ = {isa = PBXBuildFile; fileRef = 478F00DC1DC07A0400C58290 /* CurrentWeather.swift */; };
		478F00E21DC07A0400C58290 /* DailyWeather.swift in Sources */ = {isa = PBXBuildFile; fileRef = 478F00DD1DC07A0400C58290 /* DailyWeather.swift */; };
		478F00E31DC07A0400C58290 /* ForecastClient.swift in Sources */ = {isa = PBXBuildFile; fileRef = 478F00DE1DC07A0400C58290 /* ForecastClient.swift */; };
		478F00E41DC07A0400C58290 /* GenericWeatherLocationViewController.swift in Sources */ = {isa = PBXBuildFile; fileRef = 478F00DF1DC07A0400C58290 /* GenericWeatherLocationViewController.swift */; };
		478F00E51DC07A0400C58290 /* HourlyWeather.swift in Sources */ = {isa = PBXBuildFile; fileRef = 478F00E01DC07A0400C58290 /* HourlyWeather.swift */; };
		478F00EA1DC07A4400C58290 /* WeatherIcon.swift in Sources */ = {isa = PBXBuildFile; fileRef = 478F00E81DC07A4400C58290 /* WeatherIcon.swift */; };
		478F00EB1DC07A4400C58290 /* WeatherModel.swift in Sources */ = {isa = PBXBuildFile; fileRef = 478F00E91DC07A4400C58290 /* WeatherModel.swift */; };
		478F00EE1DC07A7E00C58290 /* Location.swift in Sources */ = {isa = PBXBuildFile; fileRef = 478F00ED1DC07A7E00C58290 /* Location.swift */; };
		478F00F21DC07AA600C58290 /* LocationSearchViewController.swift in Sources */ = {isa = PBXBuildFile; fileRef = 478F00F01DC07AA600C58290 /* LocationSearchViewController.swift */; };
		478F00F51DC07AAF00C58290 /* SettingsPageViewController.swift in Sources */ = {isa = PBXBuildFile; fileRef = 478F00F41DC07AAF00C58290 /* SettingsPageViewController.swift */; };
		478F00F91DC07AE200C58290 /* Reachability.swift in Sources */ = {isa = PBXBuildFile; fileRef = 478F00F71DC07AE200C58290 /* Reachability.swift */; };
		478F00FC1DC07AEB00C58290 /* ActivityIndicatorHelper.swift in Sources */ = {isa = PBXBuildFile; fileRef = 478F00FA1DC07AEB00C58290 /* ActivityIndicatorHelper.swift */; };
		478F00FD1DC07AEB00C58290 /* APIClient.swift in Sources */ = {isa = PBXBuildFile; fileRef = 478F00FB1DC07AEB00C58290 /* APIClient.swift */; };
		478F00FF1DC07B3000C58290 /* PZPullToRefreshView.swift in Sources */ = {isa = PBXBuildFile; fileRef = 478F00FE1DC07B3000C58290 /* PZPullToRefreshView.swift */; };
		47AB1E4D1E7F6488004D78DA /* LocationManager.swift in Sources */ = {isa = PBXBuildFile; fileRef = 47AB1E4C1E7F6488004D78DA /* LocationManager.swift */; };
		47AB1E4F1E7F6BF1004D78DA /* Error.swift in Sources */ = {isa = PBXBuildFile; fileRef = 47AB1E4E1E7F6BF1004D78DA /* Error.swift */; };
		47AB1E511E7F6BF9004D78DA /* CustomAlert.swift in Sources */ = {isa = PBXBuildFile; fileRef = 47AB1E501E7F6BF9004D78DA /* CustomAlert.swift */; };
		47C72F831E8054CB00FF029D /* PageViewController.swift in Sources */ = {isa = PBXBuildFile; fileRef = 47C72F821E8054CB00FF029D /* PageViewController.swift */; };
/* End PBXBuildFile section */

/* Begin PBXFileReference section */
		471AFDA21E81F33600030353 /* Page.swift */ = {isa = PBXFileReference; fileEncoding = 4; lastKnownFileType = sourcecode.swift; path = Page.swift; sourceTree = "<group>"; };
		478F00C71DC0797400C58290 /* Stratus.app */ = {isa = PBXFileReference; explicitFileType = wrapper.application; includeInIndex = 0; path = Stratus.app; sourceTree = BUILT_PRODUCTS_DIR; };
		478F00CA1DC0797400C58290 /* AppDelegate.swift */ = {isa = PBXFileReference; lastKnownFileType = sourcecode.swift; path = AppDelegate.swift; sourceTree = "<group>"; };
		478F00CF1DC0797400C58290 /* Base */ = {isa = PBXFileReference; lastKnownFileType = file.storyboard; name = Base; path = Base.lproj/Main.storyboard; sourceTree = "<group>"; };
		478F00D11DC0797400C58290 /* Assets.xcassets */ = {isa = PBXFileReference; lastKnownFileType = folder.assetcatalog; path = Assets.xcassets; sourceTree = "<group>"; };
		478F00D41DC0797400C58290 /* Base */ = {isa = PBXFileReference; lastKnownFileType = file.storyboard; name = Base; path = Base.lproj/LaunchScreen.storyboard; sourceTree = "<group>"; };
		478F00D61DC0797400C58290 /* Info.plist */ = {isa = PBXFileReference; lastKnownFileType = text.plist.xml; path = Info.plist; sourceTree = "<group>"; };
		478F00DC1DC07A0400C58290 /* CurrentWeather.swift */ = {isa = PBXFileReference; fileEncoding = 4; lastKnownFileType = sourcecode.swift; path = CurrentWeather.swift; sourceTree = "<group>"; };
		478F00DD1DC07A0400C58290 /* DailyWeather.swift */ = {isa = PBXFileReference; fileEncoding = 4; lastKnownFileType = sourcecode.swift; path = DailyWeather.swift; sourceTree = "<group>"; };
		478F00DE1DC07A0400C58290 /* ForecastClient.swift */ = {isa = PBXFileReference; fileEncoding = 4; lastKnownFileType = sourcecode.swift; path = ForecastClient.swift; sourceTree = "<group>"; };
		478F00DF1DC07A0400C58290 /* GenericWeatherLocationViewController.swift */ = {isa = PBXFileReference; fileEncoding = 4; lastKnownFileType = sourcecode.swift; path = GenericWeatherLocationViewController.swift; sourceTree = "<group>"; };
		478F00E01DC07A0400C58290 /* HourlyWeather.swift */ = {isa = PBXFileReference; fileEncoding = 4; lastKnownFileType = sourcecode.swift; path = HourlyWeather.swift; sourceTree = "<group>"; };
		478F00E81DC07A4400C58290 /* WeatherIcon.swift */ = {isa = PBXFileReference; fileEncoding = 4; lastKnownFileType = sourcecode.swift; path = WeatherIcon.swift; sourceTree = "<group>"; };
		478F00E91DC07A4400C58290 /* WeatherModel.swift */ = {isa = PBXFileReference; fileEncoding = 4; lastKnownFileType = sourcecode.swift; path = WeatherModel.swift; sourceTree = "<group>"; };
		478F00ED1DC07A7E00C58290 /* Location.swift */ = {isa = PBXFileReference; fileEncoding = 4; lastKnownFileType = sourcecode.swift; path = Location.swift; sourceTree = "<group>"; };
		478F00F01DC07AA600C58290 /* LocationSearchViewController.swift */ = {isa = PBXFileReference; fileEncoding = 4; lastKnownFileType = sourcecode.swift; path = LocationSearchViewController.swift; sourceTree = "<group>"; };
		478F00F41DC07AAF00C58290 /* SettingsPageViewController.swift */ = {isa = PBXFileReference; fileEncoding = 4; lastKnownFileType = sourcecode.swift; path = SettingsPageViewController.swift; sourceTree = "<group>"; };
		478F00F71DC07AE200C58290 /* Reachability.swift */ = {isa = PBXFileReference; fileEncoding = 4; lastKnownFileType = sourcecode.swift; path = Reachability.swift; sourceTree = "<group>"; };
		478F00FA1DC07AEB00C58290 /* ActivityIndicatorHelper.swift */ = {isa = PBXFileReference; fileEncoding = 4; lastKnownFileType = sourcecode.swift; path = ActivityIndicatorHelper.swift; sourceTree = "<group>"; };
		478F00FB1DC07AEB00C58290 /* APIClient.swift */ = {isa = PBXFileReference; fileEncoding = 4; lastKnownFileType = sourcecode.swift; path = APIClient.swift; sourceTree = "<group>"; };
		478F00FE1DC07B3000C58290 /* PZPullToRefreshView.swift */ = {isa = PBXFileReference; fileEncoding = 4; lastKnownFileType = sourcecode.swift; name = PZPullToRefreshView.swift; path = PZPullToRefresh/PZPullToRefreshView.swift; sourceTree = "<group>"; };
		47AB1E4C1E7F6488004D78DA /* LocationManager.swift */ = {isa = PBXFileReference; fileEncoding = 4; lastKnownFileType = sourcecode.swift; path = LocationManager.swift; sourceTree = "<group>"; };
		47AB1E4E1E7F6BF1004D78DA /* Error.swift */ = {isa = PBXFileReference; fileEncoding = 4; lastKnownFileType = sourcecode.swift; path = Error.swift; sourceTree = "<group>"; };
		47AB1E501E7F6BF9004D78DA /* CustomAlert.swift */ = {isa = PBXFileReference; fileEncoding = 4; lastKnownFileType = sourcecode.swift; path = CustomAlert.swift; sourceTree = "<group>"; };
		47C72F821E8054CB00FF029D /* PageViewController.swift */ = {isa = PBXFileReference; fileEncoding = 4; lastKnownFileType = sourcecode.swift; path = PageViewController.swift; sourceTree = "<group>"; };
/* End PBXFileReference section */

/* Begin PBXFrameworksBuildPhase section */
		478F00C41DC0797400C58290 /* Frameworks */ = {
			isa = PBXFrameworksBuildPhase;
			buildActionMask = 2147483647;
			files = (
			);
			runOnlyForDeploymentPostprocessing = 0;
		};
/* End PBXFrameworksBuildPhase section */

/* Begin PBXGroup section */
		47156FAB1E844D9000555E2A /* Helpers */ = {
			isa = PBXGroup;
			children = (
				47AB1E501E7F6BF9004D78DA /* CustomAlert.swift */,
				47AB1E4E1E7F6BF1004D78DA /* Error.swift */,
			);
			path = Helpers;
			sourceTree = "<group>";
		};
		478F00BE1DC0797400C58290 = {
			isa = PBXGroup;
			children = (
				478F00C91DC0797400C58290 /* Stratus */,
				478F00C81DC0797400C58290 /* Products */,
			);
			sourceTree = "<group>";
		};
		478F00C81DC0797400C58290 /* Products */ = {
			isa = PBXGroup;
			children = (
				478F00C71DC0797400C58290 /* Stratus.app */,
			);
			name = Products;
			sourceTree = "<group>";
		};
		478F00C91DC0797400C58290 /* Stratus */ = {
			isa = PBXGroup;
			children = (
				478F00CA1DC0797400C58290 /* AppDelegate.swift */,
				478F00CE1DC0797400C58290 /* Main.storyboard */,
				478F00D11DC0797400C58290 /* Assets.xcassets */,
				478F00D31DC0797400C58290 /* LaunchScreen.storyboard */,
				478F00D61DC0797400C58290 /* Info.plist */,
				478F01011DC07B5E00C58290 /* API */,
				47156FAB1E844D9000555E2A /* Helpers */,
				478F00E71DC07A2B00C58290 /* Models */,
				478F00EF1DC07A8600C58290 /* View Controllers */,
				478F01001DC07B4200C58290 /* Resources */,
			);
			path = Stratus;
			sourceTree = "<group>";
		};
		478F00E61DC07A2000C58290 /* Weather Model */ = {
			isa = PBXGroup;
			children = (
				478F00DC1DC07A0400C58290 /* CurrentWeather.swift */,
				478F00DD1DC07A0400C58290 /* DailyWeather.swift */,
				478F00E01DC07A0400C58290 /* HourlyWeather.swift */,
				478F00E81DC07A4400C58290 /* WeatherIcon.swift */,
				478F00E91DC07A4400C58290 /* WeatherModel.swift */,
			);
			path = "Weather Model";
			sourceTree = "<group>";
		};
		478F00E71DC07A2B00C58290 /* Models */ = {
			isa = PBXGroup;
			children = (
				471AFDA21E81F33600030353 /* Page.swift */,
				478F00ED1DC07A7E00C58290 /* Location.swift */,
				478F00E61DC07A2000C58290 /* Weather Model */,
			);
			path = Models;
			sourceTree = "<group>";
		};
		478F00EF1DC07A8600C58290 /* View Controllers */ = {
			isa = PBXGroup;
			children = (
				47C72F821E8054CB00FF029D /* PageViewController.swift */,
				478F00DF1DC07A0400C58290 /* GenericWeatherLocationViewController.swift */,
				478F00F41DC07AAF00C58290 /* SettingsPageViewController.swift */,
				478F00F01DC07AA600C58290 /* LocationSearchViewController.swift */,
			);
			name = "View Controllers";
			path = ViewControllers;
			sourceTree = "<group>";
		};
		478F01001DC07B4200C58290 /* Resources */ = {
			isa = PBXGroup;
			children = (
				478F00F71DC07AE200C58290 /* Reachability.swift */,
				478F00FA1DC07AEB00C58290 /* ActivityIndicatorHelper.swift */,
				478F00FE1DC07B3000C58290 /* PZPullToRefreshView.swift */,
			);
			path = Resources;
			sourceTree = "<group>";
		};
		478F01011DC07B5E00C58290 /* API */ = {
			isa = PBXGroup;
			children = (
				478F00FB1DC07AEB00C58290 /* APIClient.swift */,
				478F00DE1DC07A0400C58290 /* ForecastClient.swift */,
				47AB1E4C1E7F6488004D78DA /* LocationManager.swift */,
			);
			path = API;
			sourceTree = "<group>";
		};
/* End PBXGroup section */

/* Begin PBXNativeTarget section */
		478F00C61DC0797400C58290 /* Stratus */ = {
			isa = PBXNativeTarget;
			buildConfigurationList = 478F00D91DC0797400C58290 /* Build configuration list for PBXNativeTarget "Stratus" */;
			buildPhases = (
				478F00C31DC0797400C58290 /* Sources */,
				478F00C41DC0797400C58290 /* Frameworks */,
				478F00C51DC0797400C58290 /* Resources */,
			);
			buildRules = (
			);
			dependencies = (
			);
			name = Stratus;
			productName = Stratus;
			productReference = 478F00C71DC0797400C58290 /* Stratus.app */;
			productType = "com.apple.product-type.application";
		};
/* End PBXNativeTarget section */

/* Begin PBXProject section */
		478F00BF1DC0797400C58290 /* Project object */ = {
			isa = PBXProject;
			attributes = {
				LastSwiftUpdateCheck = 0800;
				LastUpgradeCheck = 0820;
				ORGANIZATIONNAME = "Rudy Bermudez";
				TargetAttributes = {
					478F00C61DC0797400C58290 = {
						CreatedOnToolsVersion = 8.0;
						DevelopmentTeam = NZ8449Y9W6;
						ProvisioningStyle = Automatic;
					};
				};
			};
			buildConfigurationList = 478F00C21DC0797400C58290 /* Build configuration list for PBXProject "Stratus" */;
			compatibilityVersion = "Xcode 3.2";
			developmentRegion = English;
			hasScannedForEncodings = 0;
			knownRegions = (
				en,
				Base,
			);
			mainGroup = 478F00BE1DC0797400C58290;
			productRefGroup = 478F00C81DC0797400C58290 /* Products */;
			projectDirPath = "";
			projectRoot = "";
			targets = (
				478F00C61DC0797400C58290 /* Stratus */,
			);
		};
/* End PBXProject section */

/* Begin PBXResourcesBuildPhase section */
		478F00C51DC0797400C58290 /* Resources */ = {
			isa = PBXResourcesBuildPhase;
			buildActionMask = 2147483647;
			files = (
				478F00D51DC0797400C58290 /* LaunchScreen.storyboard in Resources */,
				478F00D21DC0797400C58290 /* Assets.xcassets in Resources */,
				478F00D01DC0797400C58290 /* Main.storyboard in Resources */,
			);
			runOnlyForDeploymentPostprocessing = 0;
		};
/* End PBXResourcesBuildPhase section */

/* Begin PBXSourcesBuildPhase section */
		478F00C31DC0797400C58290 /* Sources */ = {
			isa = PBXSourcesBuildPhase;
			buildActionMask = 2147483647;
			files = (
				478F00F91DC07AE200C58290 /* Reachability.swift in Sources */,
				47AB1E4D1E7F6488004D78DA /* LocationManager.swift in Sources */,
				478F00E41DC07A0400C58290 /* GenericWeatherLocationViewController.swift in Sources */,
				478F00E31DC07A0400C58290 /* ForecastClient.swift in Sources */,
				478F00FD1DC07AEB00C58290 /* APIClient.swift in Sources */,
				478F00E21DC07A0400C58290 /* DailyWeather.swift in Sources */,
				47AB1E511E7F6BF9004D78DA /* CustomAlert.swift in Sources */,
				478F00EE1DC07A7E00C58290 /* Location.swift in Sources */,
				478F00FF1DC07B3000C58290 /* PZPullToRefreshView.swift in Sources */,
				478F00FC1DC07AEB00C58290 /* ActivityIndicatorHelper.swift in Sources */,
				47C72F831E8054CB00FF029D /* PageViewController.swift in Sources */,
				478F00F21DC07AA600C58290 /* LocationSearchViewController.swift in Sources */,
				478F00EB1DC07A4400C58290 /* WeatherModel.swift in Sources */,
				478F00E11DC07A0400C58290 /* CurrentWeather.swift in Sources */,
				471AFDA31E81F33600030353 /* Page.swift in Sources */,
				478F00EA1DC07A4400C58290 /* WeatherIcon.swift in Sources */,
				478F00CB1DC0797400C58290 /* AppDelegate.swift in Sources */,
				478F00E51DC07A0400C58290 /* HourlyWeather.swift in Sources */,
				47AB1E4F1E7F6BF1004D78DA /* Error.swift in Sources */,
				478F00F51DC07AAF00C58290 /* SettingsPageViewController.swift in Sources */,
			);
			runOnlyForDeploymentPostprocessing = 0;
		};
/* End PBXSourcesBuildPhase section */

/* Begin PBXVariantGroup section */
		478F00CE1DC0797400C58290 /* Main.storyboard */ = {
			isa = PBXVariantGroup;
			children = (
				478F00CF1DC0797400C58290 /* Base */,
			);
			name = Main.storyboard;
			sourceTree = "<group>";
		};
		478F00D31DC0797400C58290 /* LaunchScreen.storyboard */ = {
			isa = PBXVariantGroup;
			children = (
				478F00D41DC0797400C58290 /* Base */,
			);
			name = LaunchScreen.storyboard;
			sourceTree = "<group>";
		};
/* End PBXVariantGroup section */

/* Begin XCBuildConfiguration section */
		478F00D71DC0797400C58290 /* Debug */ = {
			isa = XCBuildConfiguration;
			buildSettings = {
				ALWAYS_SEARCH_USER_PATHS = NO;
				CLANG_ANALYZER_NONNULL = YES;
				CLANG_CXX_LANGUAGE_STANDARD = "gnu++0x";
				CLANG_CXX_LIBRARY = "libc++";
				CLANG_ENABLE_MODULES = YES;
				CLANG_ENABLE_OBJC_ARC = YES;
				CLANG_WARN_BOOL_CONVERSION = YES;
				CLANG_WARN_CONSTANT_CONVERSION = YES;
				CLANG_WARN_DIRECT_OBJC_ISA_USAGE = YES_ERROR;
				CLANG_WARN_DOCUMENTATION_COMMENTS = YES;
				CLANG_WARN_EMPTY_BODY = YES;
				CLANG_WARN_ENUM_CONVERSION = YES;
				CLANG_WARN_INFINITE_RECURSION = YES;
				CLANG_WARN_INT_CONVERSION = YES;
				CLANG_WARN_OBJC_ROOT_CLASS = YES_ERROR;
				CLANG_WARN_SUSPICIOUS_MOVE = YES;
				CLANG_WARN_SUSPICIOUS_MOVES = YES;
				CLANG_WARN_UNREACHABLE_CODE = YES;
				CLANG_WARN__DUPLICATE_METHOD_MATCH = YES;
				"CODE_SIGN_IDENTITY[sdk=iphoneos*]" = "iPhone Developer";
				COPY_PHASE_STRIP = NO;
				DEBUG_INFORMATION_FORMAT = dwarf;
				ENABLE_STRICT_OBJC_MSGSEND = YES;
				ENABLE_TESTABILITY = YES;
				GCC_C_LANGUAGE_STANDARD = gnu99;
				GCC_DYNAMIC_NO_PIC = NO;
				GCC_NO_COMMON_BLOCKS = YES;
				GCC_OPTIMIZATION_LEVEL = 0;
				GCC_PREPROCESSOR_DEFINITIONS = (
					"DEBUG=1",
					"$(inherited)",
				);
				GCC_WARN_64_TO_32_BIT_CONVERSION = YES;
				GCC_WARN_ABOUT_RETURN_TYPE = YES_ERROR;
				GCC_WARN_UNDECLARED_SELECTOR = YES;
				GCC_WARN_UNINITIALIZED_AUTOS = YES_AGGRESSIVE;
				GCC_WARN_UNUSED_FUNCTION = YES;
				GCC_WARN_UNUSED_VARIABLE = YES;
				IPHONEOS_DEPLOYMENT_TARGET = 10.0;
				MTL_ENABLE_DEBUG_INFO = YES;
				ONLY_ACTIVE_ARCH = YES;
				SDKROOT = iphoneos;
				SWIFT_ACTIVE_COMPILATION_CONDITIONS = DEBUG;
				SWIFT_OPTIMIZATION_LEVEL = "-Onone";
				TARGETED_DEVICE_FAMILY = "1,2";
			};
			name = Debug;
		};
		478F00D81DC0797400C58290 /* Release */ = {
			isa = XCBuildConfiguration;
			buildSettings = {
				ALWAYS_SEARCH_USER_PATHS = NO;
				CLANG_ANALYZER_NONNULL = YES;
				CLANG_CXX_LANGUAGE_STANDARD = "gnu++0x";
				CLANG_CXX_LIBRARY = "libc++";
				CLANG_ENABLE_MODULES = YES;
				CLANG_ENABLE_OBJC_ARC = YES;
				CLANG_WARN_BOOL_CONVERSION = YES;
				CLANG_WARN_CONSTANT_CONVERSION = YES;
				CLANG_WARN_DIRECT_OBJC_ISA_USAGE = YES_ERROR;
				CLANG_WARN_DOCUMENTATION_COMMENTS = YES;
				CLANG_WARN_EMPTY_BODY = YES;
				CLANG_WARN_ENUM_CONVERSION = YES;
				CLANG_WARN_INFINITE_RECURSION = YES;
				CLANG_WARN_INT_CONVERSION = YES;
				CLANG_WARN_OBJC_ROOT_CLASS = YES_ERROR;
				CLANG_WARN_SUSPICIOUS_MOVE = YES;
				CLANG_WARN_SUSPICIOUS_MOVES = YES;
				CLANG_WARN_UNREACHABLE_CODE = YES;
				CLANG_WARN__DUPLICATE_METHOD_MATCH = YES;
				"CODE_SIGN_IDENTITY[sdk=iphoneos*]" = "iPhone Developer";
				COPY_PHASE_STRIP = NO;
				DEBUG_INFORMATION_FORMAT = "dwarf-with-dsym";
				ENABLE_NS_ASSERTIONS = NO;
				ENABLE_STRICT_OBJC_MSGSEND = YES;
				GCC_C_LANGUAGE_STANDARD = gnu99;
				GCC_NO_COMMON_BLOCKS = YES;
				GCC_WARN_64_TO_32_BIT_CONVERSION = YES;
				GCC_WARN_ABOUT_RETURN_TYPE = YES_ERROR;
				GCC_WARN_UNDECLARED_SELECTOR = YES;
				GCC_WARN_UNINITIALIZED_AUTOS = YES_AGGRESSIVE;
				GCC_WARN_UNUSED_FUNCTION = YES;
				GCC_WARN_UNUSED_VARIABLE = YES;
				IPHONEOS_DEPLOYMENT_TARGET = 10.0;
				MTL_ENABLE_DEBUG_INFO = NO;
				SDKROOT = iphoneos;
				SWIFT_OPTIMIZATION_LEVEL = "-Owholemodule";
				TARGETED_DEVICE_FAMILY = "1,2";
				VALIDATE_PRODUCT = YES;
			};
			name = Release;
		};
		478F00DA1DC0797400C58290 /* Debug */ = {
			isa = XCBuildConfiguration;
			buildSettings = {
				ASSETCATALOG_COMPILER_APPICON_NAME = AppIcon;
				DEVELOPMENT_TEAM = NZ8449Y9W6;
				INFOPLIST_FILE = Stratus/Info.plist;
				LD_RUNPATH_SEARCH_PATHS = "$(inherited) @executable_path/Frameworks";
				PRODUCT_BUNDLE_IDENTIFIER = co.rudybermudez.Stratus;
				PRODUCT_NAME = "$(TARGET_NAME)";
				SWIFT_VERSION = 3.0;
			};
			name = Debug;
		};
		478F00DB1DC0797400C58290 /* Release */ = {
			isa = XCBuildConfiguration;
			buildSettings = {
				ASSETCATALOG_COMPILER_APPICON_NAME = AppIcon;
				DEVELOPMENT_TEAM = NZ8449Y9W6;
				INFOPLIST_FILE = Stratus/Info.plist;
				LD_RUNPATH_SEARCH_PATHS = "$(inherited) @executable_path/Frameworks";
				PRODUCT_BUNDLE_IDENTIFIER = co.rudybermudez.Stratus;
				PRODUCT_NAME = "$(TARGET_NAME)";
				SWIFT_VERSION = 3.0;
			};
			name = Release;
		};
/* End XCBuildConfiguration section */

/* Begin XCConfigurationList section */
		478F00C21DC0797400C58290 /* Build configuration list for PBXProject "Stratus" */ = {
			isa = XCConfigurationList;
			buildConfigurations = (
				478F00D71DC0797400C58290 /* Debug */,
				478F00D81DC0797400C58290 /* Release */,
			);
			defaultConfigurationIsVisible = 0;
			defaultConfigurationName = Release;
		};
		478F00D91DC0797400C58290 /* Build configuration list for PBXNativeTarget "Stratus" */ = {
			isa = XCConfigurationList;
			buildConfigurations = (
				478F00DA1DC0797400C58290 /* Debug */,
				478F00DB1DC0797400C58290 /* Release */,
			);
			defaultConfigurationIsVisible = 0;
			defaultConfigurationName = Release;
		};
/* End XCConfigurationList section */
	};
	rootObject = 478F00BF1DC0797400C58290 /* Project object */;
}
